// !$*UTF8*$!
{
	archiveVersion = 1;
	classes = {
	};
	objectVersion = 46;
	objects = {

/* Begin PBXBuildFile section */
		C008B7251E2A3C790048D8C5 /* AppDelegate.swift in Sources */ = {isa = PBXBuildFile; fileRef = C008B7241E2A3C790048D8C5 /* AppDelegate.swift */; };
		C008B72C1E2A3C790048D8C5 /* Assets.xcassets in Resources */ = {isa = PBXBuildFile; fileRef = C008B72B1E2A3C790048D8C5 /* Assets.xcassets */; };
		C008B72F1E2A3C790048D8C5 /* LaunchScreen.storyboard in Resources */ = {isa = PBXBuildFile; fileRef = C008B72D1E2A3C790048D8C5 /* LaunchScreen.storyboard */; };
		C008B73D1E2A3E5D0048D8C5 /* TestTableViewCell.swift in Sources */ = {isa = PBXBuildFile; fileRef = C008B7391E2A3E5D0048D8C5 /* TestTableViewCell.swift */; };
		C008B73E1E2A3E5D0048D8C5 /* ViewController.swift in Sources */ = {isa = PBXBuildFile; fileRef = C008B73A1E2A3E5D0048D8C5 /* ViewController.swift */; };
		C008B73F1E2A3E5D0048D8C5 /* TableInUIViewController.swift in Sources */ = {isa = PBXBuildFile; fileRef = C008B73B1E2A3E5D0048D8C5 /* TableInUIViewController.swift */; };
		C008B7401E2A3E5D0048D8C5 /* DestinationViewController.swift in Sources */ = {isa = PBXBuildFile; fileRef = C008B73C1E2A3E5D0048D8C5 /* DestinationViewController.swift */; };
		C008B7591E2A43040048D8C5 /* AGMatchMaker.swift in Sources */ = {isa = PBXBuildFile; fileRef = C008B7561E2A43040048D8C5 /* AGMatchMaker.swift */; };
		C008B75A1E2A43040048D8C5 /* TransitionProcessor.swift in Sources */ = {isa = PBXBuildFile; fileRef = C008B7571E2A43040048D8C5 /* TransitionProcessor.swift */; };
		C008B75B1E2A43040048D8C5 /* UIView + Transition Extensions.swift in Sources */ = {isa = PBXBuildFile; fileRef = C008B7581E2A43040048D8C5 /* UIView + Transition Extensions.swift */; };
		C008B75D1E2A43210048D8C5 /* Main.storyboard in Resources */ = {isa = PBXBuildFile; fileRef = C008B75C1E2A43210048D8C5 /* Main.storyboard */; };
/* End PBXBuildFile section */

/* Begin PBXFileReference section */
		C008B7211E2A3C790048D8C5 /* AGMatchMaker.app */ = {isa = PBXFileReference; explicitFileType = wrapper.application; includeInIndex = 0; path = AGMatchMaker.app; sourceTree = BUILT_PRODUCTS_DIR; };
		C008B7241E2A3C790048D8C5 /* AppDelegate.swift */ = {isa = PBXFileReference; lastKnownFileType = sourcecode.swift; path = AppDelegate.swift; sourceTree = "<group>"; };
		C008B72B1E2A3C790048D8C5 /* Assets.xcassets */ = {isa = PBXFileReference; lastKnownFileType = folder.assetcatalog; path = Assets.xcassets; sourceTree = "<group>"; };
		C008B72E1E2A3C790048D8C5 /* Base */ = {isa = PBXFileReference; lastKnownFileType = file.storyboard; name = Base; path = Base.lproj/LaunchScreen.storyboard; sourceTree = "<group>"; };
		C008B7301E2A3C790048D8C5 /* Info.plist */ = {isa = PBXFileReference; lastKnownFileType = text.plist.xml; path = Info.plist; sourceTree = "<group>"; };
		C008B7391E2A3E5D0048D8C5 /* TestTableViewCell.swift */ = {isa = PBXFileReference; fileEncoding = 4; lastKnownFileType = sourcecode.swift; path = TestTableViewCell.swift; sourceTree = "<group>"; };
		C008B73A1E2A3E5D0048D8C5 /* ViewController.swift */ = {isa = PBXFileReference; fileEncoding = 4; lastKnownFileType = sourcecode.swift; path = ViewController.swift; sourceTree = "<group>"; };
		C008B73B1E2A3E5D0048D8C5 /* TableInUIViewController.swift */ = {isa = PBXFileReference; fileEncoding = 4; lastKnownFileType = sourcecode.swift; path = TableInUIViewController.swift; sourceTree = "<group>"; };
		C008B73C1E2A3E5D0048D8C5 /* DestinationViewController.swift */ = {isa = PBXFileReference; fileEncoding = 4; lastKnownFileType = sourcecode.swift; path = DestinationViewController.swift; sourceTree = "<group>"; };
		C008B7561E2A43040048D8C5 /* AGMatchMaker.swift */ = {isa = PBXFileReference; fileEncoding = 4; lastKnownFileType = sourcecode.swift; path = AGMatchMaker.swift; sourceTree = "<group>"; };
		C008B7571E2A43040048D8C5 /* TransitionProcessor.swift */ = {isa = PBXFileReference; fileEncoding = 4; lastKnownFileType = sourcecode.swift; path = TransitionProcessor.swift; sourceTree = "<group>"; };
		C008B7581E2A43040048D8C5 /* UIView + Transition Extensions.swift */ = {isa = PBXFileReference; fileEncoding = 4; lastKnownFileType = sourcecode.swift; path = "UIView + Transition Extensions.swift"; sourceTree = "<group>"; };
		C008B75C1E2A43210048D8C5 /* Main.storyboard */ = {isa = PBXFileReference; fileEncoding = 4; lastKnownFileType = file.storyboard; path = Main.storyboard; sourceTree = "<group>"; };
/* End PBXFileReference section */

/* Begin PBXFrameworksBuildPhase section */
		C008B71E1E2A3C790048D8C5 /* Frameworks */ = {
			isa = PBXFrameworksBuildPhase;
			buildActionMask = 2147483647;
			files = (
			);
			runOnlyForDeploymentPostprocessing = 0;
		};
/* End PBXFrameworksBuildPhase section */

/* Begin PBXGroup section */
		C008B7181E2A3C790048D8C5 = {
			isa = PBXGroup;
			children = (
				C008B7231E2A3C790048D8C5 /* AGMatchMaker */,
				C008B7221E2A3C790048D8C5 /* Products */,
			);
			sourceTree = "<group>";
		};
		C008B7221E2A3C790048D8C5 /* Products */ = {
			isa = PBXGroup;
			children = (
				C008B7211E2A3C790048D8C5 /* AGMatchMaker.app */,
			);
			name = Products;
			sourceTree = "<group>";
		};
		C008B7231E2A3C790048D8C5 /* AGMatchMaker */ = {
			isa = PBXGroup;
			children = (
				C008B7551E2A43040048D8C5 /* AGMatchMaker */,
				C008B7411E2A40DC0048D8C5 /* TableViewCell */,
				C008B7421E2A40F30048D8C5 /* Controllers */,
				C008B7241E2A3C790048D8C5 /* AppDelegate.swift */,
				C008B72B1E2A3C790048D8C5 /* Assets.xcassets */,
				C008B75C1E2A43210048D8C5 /* Main.storyboard */,
				C008B72D1E2A3C790048D8C5 /* LaunchScreen.storyboard */,
				C008B7301E2A3C790048D8C5 /* Info.plist */,
			);
			path = AGMatchMaker;
			sourceTree = "<group>";
		};
		C008B7411E2A40DC0048D8C5 /* TableViewCell */ = {
			isa = PBXGroup;
			children = (
				C008B7391E2A3E5D0048D8C5 /* TestTableViewCell.swift */,
			);
			name = TableViewCell;
			sourceTree = "<group>";
		};
		C008B7421E2A40F30048D8C5 /* Controllers */ = {
			isa = PBXGroup;
			children = (
				C008B73A1E2A3E5D0048D8C5 /* ViewController.swift */,
				C008B73B1E2A3E5D0048D8C5 /* TableInUIViewController.swift */,
				C008B73C1E2A3E5D0048D8C5 /* DestinationViewController.swift */,
			);
			name = Controllers;
			sourceTree = "<group>";
		};
		C008B7551E2A43040048D8C5 /* AGMatchMaker */ = {
			isa = PBXGroup;
			children = (
				C008B7561E2A43040048D8C5 /* AGMatchMaker.swift */,
				C008B7571E2A43040048D8C5 /* TransitionProcessor.swift */,
				C008B7581E2A43040048D8C5 /* UIView + Transition Extensions.swift */,
			);
			path = AGMatchMaker;
			sourceTree = "<group>";
		};
/* End PBXGroup section */

/* Begin PBXNativeTarget section */
		C008B7201E2A3C790048D8C5 /* AGMatchMaker */ = {
			isa = PBXNativeTarget;
			buildConfigurationList = C008B7331E2A3C790048D8C5 /* Build configuration list for PBXNativeTarget "AGMatchMaker" */;
			buildPhases = (
				C008B71D1E2A3C790048D8C5 /* Sources */,
				C008B71E1E2A3C790048D8C5 /* Frameworks */,
				C008B71F1E2A3C790048D8C5 /* Resources */,
			);
			buildRules = (
			);
			dependencies = (
			);
			name = AGMatchMaker;
			productName = AGMatchMaker;
			productReference = C008B7211E2A3C790048D8C5 /* AGMatchMaker.app */;
			productType = "com.apple.product-type.application";
		};
/* End PBXNativeTarget section */

/* Begin PBXProject section */
		C008B7191E2A3C790048D8C5 /* Project object */ = {
			isa = PBXProject;
			attributes = {
				LastSwiftUpdateCheck = 0810;
				LastUpgradeCheck = 0810;
				ORGANIZATIONNAME = "Alex Gibson";
				TargetAttributes = {
					C008B7201E2A3C790048D8C5 = {
						CreatedOnToolsVersion = 8.1;
						ProvisioningStyle = Automatic;
					};
				};
			};
			buildConfigurationList = C008B71C1E2A3C790048D8C5 /* Build configuration list for PBXProject "AGMatchMaker" */;
			compatibilityVersion = "Xcode 3.2";
			developmentRegion = English;
			hasScannedForEncodings = 0;
			knownRegions = (
				en,
				Base,
			);
			mainGroup = C008B7181E2A3C790048D8C5;
			productRefGroup = C008B7221E2A3C790048D8C5 /* Products */;
			projectDirPath = "";
			projectRoot = "";
			targets = (
				C008B7201E2A3C790048D8C5 /* AGMatchMaker */,
			);
		};
/* End PBXProject section */

/* Begin PBXResourcesBuildPhase section */
		C008B71F1E2A3C790048D8C5 /* Resources */ = {
			isa = PBXResourcesBuildPhase;
			buildActionMask = 2147483647;
			files = (
				C008B72F1E2A3C790048D8C5 /* LaunchScreen.storyboard in Resources */,
				C008B72C1E2A3C790048D8C5 /* Assets.xcassets in Resources */,
				C008B75D1E2A43210048D8C5 /* Main.storyboard in Resources */,
			);
			runOnlyForDeploymentPostprocessing = 0;
		};
/* End PBXResourcesBuildPhase section */

/* Begin PBXSourcesBuildPhase section */
		C008B71D1E2A3C790048D8C5 /* Sources */ = {
			isa = PBXSourcesBuildPhase;
			buildActionMask = 2147483647;
			files = (
				C008B73F1E2A3E5D0048D8C5 /* TableInUIViewController.swift in Sources */,
				C008B73E1E2A3E5D0048D8C5 /* ViewController.swift in Sources */,
				C008B7251E2A3C790048D8C5 /* AppDelegate.swift in Sources */,
				C008B7591E2A43040048D8C5 /* AGMatchMaker.swift in Sources */,
				C008B73D1E2A3E5D0048D8C5 /* TestTableViewCell.swift in Sources */,
				C008B7401E2A3E5D0048D8C5 /* DestinationViewController.swift in Sources */,
				C008B75B1E2A43040048D8C5 /* UIView + Transition Extensions.swift in Sources */,
				C008B75A1E2A43040048D8C5 /* TransitionProcessor.swift in Sources */,
			);
			runOnlyForDeploymentPostprocessing = 0;
		};
/* End PBXSourcesBuildPhase section */

/* Begin PBXVariantGroup section */
		C008B72D1E2A3C790048D8C5 /* LaunchScreen.storyboard */ = {
			isa = PBXVariantGroup;
			children = (
				C008B72E1E2A3C790048D8C5 /* Base */,
			);
			name = LaunchScreen.storyboard;
			sourceTree = "<group>";
		};
/* End PBXVariantGroup section */

/* Begin XCBuildConfiguration section */
		C008B7311E2A3C790048D8C5 /* Debug */ = {
			isa = XCBuildConfiguration;
			buildSettings = {
				ALWAYS_SEARCH_USER_PATHS = NO;
				CLANG_ANALYZER_NONNULL = YES;
				CLANG_CXX_LANGUAGE_STANDARD = "gnu++0x";
				CLANG_CXX_LIBRARY = "libc++";
				CLANG_ENABLE_MODULES = YES;
				CLANG_ENABLE_OBJC_ARC = YES;
				CLANG_WARN_BOOL_CONVERSION = YES;
				CLANG_WARN_CONSTANT_CONVERSION = YES;
				CLANG_WARN_DIRECT_OBJC_ISA_USAGE = YES_ERROR;
				CLANG_WARN_DOCUMENTATION_COMMENTS = YES;
				CLANG_WARN_EMPTY_BODY = YES;
				CLANG_WARN_ENUM_CONVERSION = YES;
				CLANG_WARN_INFINITE_RECURSION = YES;
				CLANG_WARN_INT_CONVERSION = YES;
				CLANG_WARN_OBJC_ROOT_CLASS = YES_ERROR;
				CLANG_WARN_SUSPICIOUS_MOVES = YES;
				CLANG_WARN_UNREACHABLE_CODE = YES;
				CLANG_WARN__DUPLICATE_METHOD_MATCH = YES;
				"CODE_SIGN_IDENTITY[sdk=iphoneos*]" = "iPhone Developer";
				COPY_PHASE_STRIP = NO;
				DEBUG_INFORMATION_FORMAT = dwarf;
				ENABLE_STRICT_OBJC_MSGSEND = YES;
				ENABLE_TESTABILITY = YES;
				GCC_C_LANGUAGE_STANDARD = gnu99;
				GCC_DYNAMIC_NO_PIC = NO;
				GCC_NO_COMMON_BLOCKS = YES;
				GCC_OPTIMIZATION_LEVEL = 0;
				GCC_PREPROCESSOR_DEFINITIONS = (
					"DEBUG=1",
					"$(inherited)",
				);
				GCC_WARN_64_TO_32_BIT_CONVERSION = YES;
				GCC_WARN_ABOUT_RETURN_TYPE = YES_ERROR;
				GCC_WARN_UNDECLARED_SELECTOR = YES;
				GCC_WARN_UNINITIALIZED_AUTOS = YES_AGGRESSIVE;
				GCC_WARN_UNUSED_FUNCTION = YES;
				GCC_WARN_UNUSED_VARIABLE = YES;
				IPHONEOS_DEPLOYMENT_TARGET = 10.1;
				MTL_ENABLE_DEBUG_INFO = YES;
				ONLY_ACTIVE_ARCH = YES;
				SDKROOT = iphoneos;
				SWIFT_ACTIVE_COMPILATION_CONDITIONS = DEBUG;
				SWIFT_OPTIMIZATION_LEVEL = "-Onone";
				TARGETED_DEVICE_FAMILY = "1,2";
			};
			name = Debug;
		};
		C008B7321E2A3C790048D8C5 /* Release */ = {
			isa = XCBuildConfiguration;
			buildSettings = {
				ALWAYS_SEARCH_USER_PATHS = NO;
				CLANG_ANALYZER_NONNULL = YES;
				CLANG_CXX_LANGUAGE_STANDARD = "gnu++0x";
				CLANG_CXX_LIBRARY = "libc++";
				CLANG_ENABLE_MODULES = YES;
				CLANG_ENABLE_OBJC_ARC = YES;
				CLANG_WARN_BOOL_CONVERSION = YES;
				CLANG_WARN_CONSTANT_CONVERSION = YES;
				CLANG_WARN_DIRECT_OBJC_ISA_USAGE = YES_ERROR;
				CLANG_WARN_DOCUMENTATION_COMMENTS = YES;
				CLANG_WARN_EMPTY_BODY = YES;
				CLANG_WARN_ENUM_CONVERSION = YES;
				CLANG_WARN_INFINITE_RECURSION = YES;
				CLANG_WARN_INT_CONVERSION = YES;
				CLANG_WARN_OBJC_ROOT_CLASS = YES_ERROR;
				CLANG_WARN_SUSPICIOUS_MOVES = YES;
				CLANG_WARN_UNREACHABLE_CODE = YES;
				CLANG_WARN__DUPLICATE_METHOD_MATCH = YES;
				"CODE_SIGN_IDENTITY[sdk=iphoneos*]" = "iPhone Developer";
				COPY_PHASE_STRIP = NO;
				DEBUG_INFORMATION_FORMAT = "dwarf-with-dsym";
				ENABLE_NS_ASSERTIONS = NO;
				ENABLE_STRICT_OBJC_MSGSEND = YES;
				GCC_C_LANGUAGE_STANDARD = gnu99;
				GCC_NO_COMMON_BLOCKS = YES;
				GCC_WARN_64_TO_32_BIT_CONVERSION = YES;
				GCC_WARN_ABOUT_RETURN_TYPE = YES_ERROR;
				GCC_WARN_UNDECLARED_SELECTOR = YES;
				GCC_WARN_UNINITIALIZED_AUTOS = YES_AGGRESSIVE;
				GCC_WARN_UNUSED_FUNCTION = YES;
				GCC_WARN_UNUSED_VARIABLE = YES;
				IPHONEOS_DEPLOYMENT_TARGET = 10.1;
				MTL_ENABLE_DEBUG_INFO = NO;
				SDKROOT = iphoneos;
				SWIFT_OPTIMIZATION_LEVEL = "-Owholemodule";
				TARGETED_DEVICE_FAMILY = "1,2";
				VALIDATE_PRODUCT = YES;
			};
			name = Release;
		};
		C008B7341E2A3C790048D8C5 /* Debug */ = {
			isa = XCBuildConfiguration;
			buildSettings = {
				ASSETCATALOG_COMPILER_APPICON_NAME = AppIcon;
				INFOPLIST_FILE = AGMatchMaker/Info.plist;
				LD_RUNPATH_SEARCH_PATHS = "$(inherited) @executable_path/Frameworks";
				PRODUCT_BUNDLE_IDENTIFIER = AG.AGMatchMaker;
				PRODUCT_NAME = "$(TARGET_NAME)";
				SWIFT_VERSION = 3.0;
			};
			name = Debug;
		};
		C008B7351E2A3C790048D8C5 /* Release */ = {
			isa = XCBuildConfiguration;
			buildSettings = {
				ASSETCATALOG_COMPILER_APPICON_NAME = AppIcon;
				INFOPLIST_FILE = AGMatchMaker/Info.plist;
				LD_RUNPATH_SEARCH_PATHS = "$(inherited) @executable_path/Frameworks";
				PRODUCT_BUNDLE_IDENTIFIER = AG.AGMatchMaker;
				PRODUCT_NAME = "$(TARGET_NAME)";
				SWIFT_VERSION = 3.0;
			};
			name = Release;
		};
/* End XCBuildConfiguration section */

/* Begin XCConfigurationList section */
		C008B71C1E2A3C790048D8C5 /* Build configuration list for PBXProject "AGMatchMaker" */ = {
			isa = XCConfigurationList;
			buildConfigurations = (
				C008B7311E2A3C790048D8C5 /* Debug */,
				C008B7321E2A3C790048D8C5 /* Release */,
			);
			defaultConfigurationIsVisible = 0;
			defaultConfigurationName = Release;
		};
		C008B7331E2A3C790048D8C5 /* Build configuration list for PBXNativeTarget "AGMatchMaker" */ = {
			isa = XCConfigurationList;
			buildConfigurations = (
				C008B7341E2A3C790048D8C5 /* Debug */,
				C008B7351E2A3C790048D8C5 /* Release */,
			);
			defaultConfigurationIsVisible = 0;
			defaultConfigurationName = Release;
		};
/* End XCConfigurationList section */
	};
	rootObject = C008B7191E2A3C790048D8C5 /* Project object */;
}
